<?xml version="1.0" encoding="utf-8"?>
<Project ToolsVersion="4.0" xmlns="http://schemas.microsoft.com/developer/msbuild/2003">
  <ItemGroup>
    <Filter Include="Source Files">
      <UniqueIdentifier>{4FC737F1-C7A5-4376-A066-2A32D752A2FF}</UniqueIdentifier>
      <Extensions>qml;cpp;c;cc;cxx;def;odl;idl;hpj;bat;asm;asmx</Extensions>
    </Filter>
    <Filter Include="Header Files">
      <UniqueIdentifier>{93995380-89BD-4b04-88EB-625FBE52EBFB}</UniqueIdentifier>
      <Extensions>h;hh;hpp;hxx;hm;inl;inc;xsd</Extensions>
    </Filter>
    <Filter Include="Resource Files">
      <UniqueIdentifier>{67DA6AB6-F800-4c08-8B7A-83BB121AAD01}</UniqueIdentifier>
      <Extensions>qrc;rc;ico;cur;bmp;dlg;rc2;rct;bin;rgs;gif;jpg;jpeg;jpe;resx;tiff;tif;png;wav;mfcribbon-ms</Extensions>
    </Filter>
    <Filter Include="Translation Files">
      <UniqueIdentifier>{639EADAA-A684-42e4-A9AD-28FC9BCB8F7C}</UniqueIdentifier>
      <Extensions>ts</Extensions>
    </Filter>
  </ItemGroup>
  <ItemGroup>
    <ClCompile Include="source\main.cpp">
      <Filter>Source Files</Filter>
    </ClCompile>
    <ClCompile Include="source\WindowMain.cpp">
      <Filter>Source Files</Filter>
    </ClCompile>
    <ClCompile Include="source\ViewBase.cpp">
      <Filter>Source Files</Filter>
    </ClCompile>
    <ClCompile Include="source\ViewMain.cpp">
      <Filter>Source Files</Filter>
    </ClCompile>
    <ClCompile Include="source\SceneGraph.cpp">
      <Filter>Source Files</Filter>
    </ClCompile>
    <ClCompile Include="source\SceneMain.cpp">
      <Filter>Source Files</Filter>
    </ClCompile>
    <ClCompile Include="source\ActorBase.cpp">
      <Filter>Source Files</Filter>
    </ClCompile>
    <ClCompile Include="source\SceneBase.cpp">
      <Filter>Source Files</Filter>
    </ClCompile>
    <ClCompile Include="source\SceneGraphRenderer.cpp">
      <Filter>Source Files</Filter>
    </ClCompile>
    <ClCompile Include="source\SceneBaseRenderer.cpp">
      <Filter>Source Files</Filter>
    </ClCompile>
    <ClCompile Include="header\SceneMainRenderer.cpp">
      <Filter>Source Files</Filter>
    </ClCompile>
    <ClCompile Include="source\ActorBaseRenderer.cpp">
      <Filter>Source Files</Filter>
    </ClCompile>
    <ClCompile Include="source\GLSLManager.cpp">
      <Filter>Source Files</Filter>
    </ClCompile>
    <ClCompile Include="source\GLSL.cpp">
      <Filter>Source Files</Filter>
    </ClCompile>
    <ClCompile Include="source\GLSLPassthrough.cpp">
      <Filter>Source Files</Filter>
    </ClCompile>
    <ClCompile Include="source\ActorTriangle.cpp">
      <Filter>Source Files</Filter>
    </ClCompile>
    <ClCompile Include="source\ActorTriangleRenderer.cpp">
      <Filter>Source Files</Filter>
    </ClCompile>
    <ClCompile Include="source\ViewLog.cpp">
      <Filter>Source Files</Filter>
    </ClCompile>
    <ClCompile Include="source\Logger.cpp">
      <Filter>Source Files</Filter>
    </ClCompile>
    <ClCompile Include="source\ActorBackground.cpp">
      <Filter>Source Files</Filter>
    </ClCompile>
    <ClCompile Include="source\ActorBackgroundRenderer.cpp">
      <Filter>Source Files</Filter>
    </ClCompile>
  </ItemGroup>
  <ItemGroup>
    <QtRcc Include="resource\qml.qrc">
      <Filter>Resource Files</Filter>
    </QtRcc>
  </ItemGroup>
  <ItemGroup>
    <None Include="resource\WindowMain.qml">
      <Filter>Resource Files</Filter>
    </None>
    <None Include="resource\ViewMain.qml">
      <Filter>Resource Files</Filter>
    </None>
    <None Include="resource\ViewLog.qml">
      <Filter>Resource Files</Filter>
    </None>
    <None Include="resource\ViewLogForm.ui.qml">
      <Filter>Resource Files</Filter>
    </None>
  </ItemGroup>
  <ItemGroup>
    <QtMoc Include="header\WindowMain.h">
      <Filter>Header Files</Filter>
    </QtMoc>
    <QtMoc Include="header\ViewBase.h">
      <Filter>Header Files</Filter>
    </QtMoc>
    <QtMoc Include="header\ViewMain.h">
      <Filter>Header Files</Filter>
    </QtMoc>
    <QtMoc Include="header\SceneGraph.h">
      <Filter>Header Files</Filter>
    </QtMoc>
    <QtMoc Include="header\SceneGraphRenderer.h">
      <Filter>Header Files</Filter>
    </QtMoc>
    <QtMoc Include="header\ViewLog.h">
      <Filter>Header Files</Filter>
    </QtMoc>
    <QtMoc Include="header\Logger.h">
      <Filter>Header Files</Filter>
    </QtMoc>
  </ItemGroup>
  <ItemGroup>
    <ClInclude Include="header\SceneBase.h">
      <Filter>Header Files</Filter>
    </ClInclude>
    <ClInclude Include="header\SceneMain.h">
      <Filter>Header Files</Filter>
    </ClInclude>
    <ClInclude Include="header\ActorBase.h">
      <Filter>Header Files</Filter>
    </ClInclude>
    <ClInclude Include="header\SceneBaseRenderer.h">
      <Filter>Header Files</Filter>
    </ClInclude>
    <ClInclude Include="header\SceneMainRenderer.h">
      <Filter>Header Files</Filter>
    </ClInclude>
    <ClInclude Include="header\ActorBaseRenderer.h">
      <Filter>Header Files</Filter>
    </ClInclude>
    <ClInclude Include="header\GLSLManager.h">
      <Filter>Header Files</Filter>
    </ClInclude>
    <ClInclude Include="header\GLSL.h">
      <Filter>Header Files</Filter>
    </ClInclude>
    <ClInclude Include="header\GLSLPassthrough.h">
      <Filter>Header Files</Filter>
    </ClInclude>
    <ClInclude Include="header\ActorTriangle.h">
      <Filter>Header Files</Filter>
    </ClInclude>
    <ClInclude Include="header\ActorTriangleRenderer.h">
      <Filter>Header Files</Filter>
    </ClInclude>
    <ClInclude Include="header\ActorBackground.h">
      <Filter>Header Files</Filter>
    </ClInclude>
    <ClInclude Include="header\ActorBackgroundRenderer.h">
      <Filter>Header Files</Filter>
    </ClInclude>
  </ItemGroup>
</Project>